<Solution>
  <Folder Name="/scripts/">
    <Project Path="scripts/MoogleAPI.Scraper/MoogleAPI.Scraper.csproj" />
  </Folder>
  <Folder Name="/src/">
    <Project Path="src/MoogleAPI.Web/MoogleAPI.Web.csproj" />
  </Folder>
  <Folder Name="/tests/">
    <Project Path="tests/MoogleAPI.Tests/MoogleAPI.Tests.csproj" />
  </Folder>
</Solution>
